
Microsoft Visual Studio Solution File, Format Version 12.00
# Visual Studio Version 16
VisualStudioVersion = 16.0.31129.286
MinimumVisualStudioVersion = 10.0.40219.1
Project("{FAE04EC0-301F-11D3-BF4B-00C04F79EFBC}") = "OBOToolsWebServer", "OBOToolsWebServer\OBOToolsWebServer.csproj", "{BE21DD23-A646-4E5C-B32C-3859E914E8EF}"
EndProject
Global
	GlobalSection(SolutionConfigurationPlatforms) = preSolution
		Debug|Any CPU = Debug|Any CPU
		Release|Any CPU = Release|Any CPU
	EndGlobalSection
	GlobalSection(ProjectConfigurationPlatforms) = postSolution
		{BE21DD23-A646-4E5C-B32C-3859E914E8EF}.Debug|Any CPU.ActiveCfg = Debug|Any CPU
		{BE21DD23-A646-4E5C-B32C-3859E914E8EF}.Debug|Any CPU.Build.0 = Debug|Any CPU
		{BE21DD23-A646-4E5C-B32C-3859E914E8EF}.Release|Any CPU.ActiveCfg = Release|Any CPU
		{BE21DD23-A646-4E5C-B32C-3859E914E8EF}.Release|Any CPU.Build.0 = Release|Any CPU
	EndGlobalSection
	GlobalSection(SolutionProperties) = preSolution
		HideSolutionNode = FALSE
	EndGlobalSection
	GlobalSection(ExtensibilityGlobals) = postSolution
		SolutionGuid = {1F9B249A-6B31-462E-B524-49D15DE182E5}
	EndGlobalSection
EndGlobal
